
Microsoft Visual Studio Solution File, Format Version 12.00
# Visual Studio Version 16
VisualStudioVersion = 16.0.30011.22
MinimumVisualStudioVersion = 10.0.40219.1
Project("{FAE04EC0-301F-11D3-BF4B-00C04F79EFBC}") = "PennyDeadfulClient", "PennyDeadfulClient\PennyDeadfulClient.csproj", "{D6D23466-CB46-4D91-BEDC-581B857A7B92}"
EndProject
Global
	GlobalSection(SolutionConfigurationPlatforms) = preSolution
		Debug|Any CPU = Debug|Any CPU
		Release|Any CPU = Release|Any CPU
	EndGlobalSection
	GlobalSection(ProjectConfigurationPlatforms) = postSolution
		{D6D23466-CB46-4D91-BEDC-581B857A7B92}.Debug|Any CPU.ActiveCfg = Debug|Any CPU
		{D6D23466-CB46-4D91-BEDC-581B857A7B92}.Debug|Any CPU.Build.0 = Debug|Any CPU
		{D6D23466-CB46-4D91-BEDC-581B857A7B92}.Release|Any CPU.ActiveCfg = Release|Any CPU
		{D6D23466-CB46-4D91-BEDC-581B857A7B92}.Release|Any CPU.Build.0 = Release|Any CPU
	EndGlobalSection
	GlobalSection(SolutionProperties) = preSolution
		HideSolutionNode = FALSE
	EndGlobalSection
	GlobalSection(ExtensibilityGlobals) = postSolution
		SolutionGuid = {523F6C81-0D22-44CC-8683-52C3DBAA0071}
	EndGlobalSection
EndGlobal
